Microsoft Visual Studio Solution File, Format Version 12.00
# Visual Studio 14
VisualStudioVersion = 14.0.25420.1
MinimumVisualStudioVersion = 10.0.40219.1
Project("{FAE04EC0-301F-11D3-BF4B-00C04F79EFBC}") = "Hugin.POS_10", "Hugin.POS\Hugin.POS_10.csproj", "{22F121D2-FF40-4952-AC9E-134C87FEC155}"
EndProject
Project("{FAE04EC0-301F-11D3-BF4B-00C04F79EFBC}") = "Hugin.POS.PromotionServer_10", "Hugin.POS.PromotionServer\Hugin.POS.PromotionServer_10.csproj", "{6B0FACC2-B4C2-4FEF-9D32-10DC03A0A96B}"
EndProject
Project("{FAE04EC0-301F-11D3-BF4B-00C04F79EFBC}") = "Hugin.POS.Data_10", "Hugin.POS.Data\Hugin.POS.Data_10.csproj", "{32D7C842-5D43-43EF-842B-EAF129D928EC}"
EndProject
Project("{FAE04EC0-301F-11D3-BF4B-00C04F79EFBC}") = "Hugin.POS.Common_10", "Hugin.POS.Common\Hugin.POS.Common_10.csproj", "{3426D756-1308-4EAC-AA4E-243E4AAC0FC1}"
EndProject
Project("{FAE04EC0-301F-11D3-BF4B-00C04F79EFBC}") = "Hugin.POS.Security.File_10", "Hugin.POS.Security.Intel\Hugin.POS.Security.File_10.csproj", "{81A03884-DB80-45E9-8F5D-54CBE2CE6847}"
EndProject
Project("{FAE04EC0-301F-11D3-BF4B-00C04F79EFBC}") = "Hugin.POS.Display.Datecs_10", "Hugin.POS.Display.Datecs\Hugin.POS.Display.Datecs_10.csproj", "{7726E2B1-794E-4CF8-ABC2-4DDEF12E773F}"
EndProject
Project("{FAE04EC0-301F-11D3-BF4B-00C04F79EFBC}") = "Hugin.POS.Printer.FP300", "Hugin.POS.Printer.FP300\Hugin.POS.Printer.FP300.csproj", "{0A0D1F87-72C8-4EE3-8777-D023A1E8800D}"
EndProject
Project("{FAE04EC0-301F-11D3-BF4B-00C04F79EFBC}") = "Hugin.POS.Display.GUI_10", "Hugin.POS.Display.GUI\Hugin.POS.Display.GUI_10.csproj", "{8501D9EE-836F-4F09-B451-8BC5D9C61629}"
EndProject
Project("{FAE04EC0-301F-11D3-BF4B-00C04F79EFBC}") = "Hugin.POS.Display.Serial_10", "Hugin.POS.Display.Serial\Hugin.POS.Display.Serial_10.csproj", "{404AD7CE-19B3-4F7B-AAB8-D37E5EF3A9A8}"
EndProject
Project("{FAE04EC0-301F-11D3-BF4B-00C04F79EFBC}") = "Hugin.POS.Printer.GUI_10", "Hugin.POS.Printer.GUI\Hugin.POS.Printer.GUI_10.csproj", "{7426A88E-D363-42EF-B74C-64110E04D1FE}"
EndProject
Global
	GlobalSection(SolutionConfigurationPlatforms) = preSolution
		Debug|.NET = Debug|.NET
		Debug|Any CPU = Debug|Any CPU
		Debug|Mixed Platforms = Debug|Mixed Platforms
		Debug|Win32 = Debug|Win32
		Debug|x64 = Debug|x64
		Debug|x86 = Debug|x86
		Release|.NET = Release|.NET
		Release|Any CPU = Release|Any CPU
		Release|Mixed Platforms = Release|Mixed Platforms
		Release|Win32 = Release|Win32
		Release|x64 = Release|x64
		Release|x86 = Release|x86
	EndGlobalSection
	GlobalSection(ProjectConfigurationPlatforms) = postSolution
		{22F121D2-FF40-4952-AC9E-134C87FEC155}.Debug|.NET.ActiveCfg = Debug|Any CPU
		{22F121D2-FF40-4952-AC9E-134C87FEC155}.Debug|Any CPU.ActiveCfg = Debug|Any CPU
		{22F121D2-FF40-4952-AC9E-134C87FEC155}.Debug|Any CPU.Build.0 = Debug|Any CPU
		{22F121D2-FF40-4952-AC9E-134C87FEC155}.Debug|Mixed Platforms.ActiveCfg = Debug|Any CPU
		{22F121D2-FF40-4952-AC9E-134C87FEC155}.Debug|Mixed Platforms.Build.0 = Debug|Any CPU
		{22F121D2-FF40-4952-AC9E-134C87FEC155}.Debug|Win32.ActiveCfg = Debug|Any CPU
		{22F121D2-FF40-4952-AC9E-134C87FEC155}.Debug|x64.ActiveCfg = Debug|x64
		{22F121D2-FF40-4952-AC9E-134C87FEC155}.Debug|x64.Build.0 = Debug|x64
		{22F121D2-FF40-4952-AC9E-134C87FEC155}.Debug|x86.ActiveCfg = Debug|x86
		{22F121D2-FF40-4952-AC9E-134C87FEC155}.Debug|x86.Build.0 = Debug|x86
		{22F121D2-FF40-4952-AC9E-134C87FEC155}.Release|.NET.ActiveCfg = Release|Any CPU
		{22F121D2-FF40-4952-AC9E-134C87FEC155}.Release|Any CPU.ActiveCfg = Release|Any CPU
		{22F121D2-FF40-4952-AC9E-134C87FEC155}.Release|Any CPU.Build.0 = Release|Any CPU
		{22F121D2-FF40-4952-AC9E-134C87FEC155}.Release|Mixed Platforms.ActiveCfg = Release|Any CPU
		{22F121D2-FF40-4952-AC9E-134C87FEC155}.Release|Mixed Platforms.Build.0 = Release|Any CPU
		{22F121D2-FF40-4952-AC9E-134C87FEC155}.Release|Win32.ActiveCfg = Release|x86
		{22F121D2-FF40-4952-AC9E-134C87FEC155}.Release|x64.ActiveCfg = Release|x64
		{22F121D2-FF40-4952-AC9E-134C87FEC155}.Release|x64.Build.0 = Release|x64
		{22F121D2-FF40-4952-AC9E-134C87FEC155}.Release|x86.ActiveCfg = Release|x86
		{22F121D2-FF40-4952-AC9E-134C87FEC155}.Release|x86.Build.0 = Release|x86
		{6B0FACC2-B4C2-4FEF-9D32-10DC03A0A96B}.Debug|.NET.ActiveCfg = Debug|Any CPU
		{6B0FACC2-B4C2-4FEF-9D32-10DC03A0A96B}.Debug|Any CPU.ActiveCfg = Debug|Any CPU
		{6B0FACC2-B4C2-4FEF-9D32-10DC03A0A96B}.Debug|Any CPU.Build.0 = Debug|Any CPU
		{6B0FACC2-B4C2-4FEF-9D32-10DC03A0A96B}.Debug|Mixed Platforms.ActiveCfg = Debug|Any CPU
		{6B0FACC2-B4C2-4FEF-9D32-10DC03A0A96B}.Debug|Mixed Platforms.Build.0 = Debug|Any CPU
		{6B0FACC2-B4C2-4FEF-9D32-10DC03A0A96B}.Debug|Win32.ActiveCfg = Debug|Any CPU
		{6B0FACC2-B4C2-4FEF-9D32-10DC03A0A96B}.Debug|x64.ActiveCfg = Debug|x64
		{6B0FACC2-B4C2-4FEF-9D32-10DC03A0A96B}.Debug|x64.Build.0 = Debug|x64
		{6B0FACC2-B4C2-4FEF-9D32-10DC03A0A96B}.Debug|x86.ActiveCfg = Debug|x86
		{6B0FACC2-B4C2-4FEF-9D32-10DC03A0A96B}.Debug|x86.Build.0 = Debug|x86
		{6B0FACC2-B4C2-4FEF-9D32-10DC03A0A96B}.Release|.NET.ActiveCfg = Release|Any CPU
		{6B0FACC2-B4C2-4FEF-9D32-10DC03A0A96B}.Release|Any CPU.ActiveCfg = Release|Any CPU
		{6B0FACC2-B4C2-4FEF-9D32-10DC03A0A96B}.Release|Any CPU.Build.0 = Release|Any CPU
		{6B0FACC2-B4C2-4FEF-9D32-10DC03A0A96B}.Release|Mixed Platforms.ActiveCfg = Release|Any CPU
		{6B0FACC2-B4C2-4FEF-9D32-10DC03A0A96B}.Release|Mixed Platforms.Build.0 = Release|Any CPU
		{6B0FACC2-B4C2-4FEF-9D32-10DC03A0A96B}.Release|Win32.ActiveCfg = Release|Any CPU
		{6B0FACC2-B4C2-4FEF-9D32-10DC03A0A96B}.Release|x64.ActiveCfg = Release|x64
		{6B0FACC2-B4C2-4FEF-9D32-10DC03A0A96B}.Release|x64.Build.0 = Release|x64
		{6B0FACC2-B4C2-4FEF-9D32-10DC03A0A96B}.Release|x86.ActiveCfg = Release|x86
		{6B0FACC2-B4C2-4FEF-9D32-10DC03A0A96B}.Release|x86.Build.0 = Release|x86
		{32D7C842-5D43-43EF-842B-EAF129D928EC}.Debug|.NET.ActiveCfg = Debug|Any CPU
		{32D7C842-5D43-43EF-842B-EAF129D928EC}.Debug|Any CPU.ActiveCfg = Debug|Any CPU
		{32D7C842-5D43-43EF-842B-EAF129D928EC}.Debug|Any CPU.Build.0 = Debug|Any CPU
		{32D7C842-5D43-43EF-842B-EAF129D928EC}.Debug|Mixed Platforms.ActiveCfg = Debug|Any CPU
		{32D7C842-5D43-43EF-842B-EAF129D928EC}.Debug|Mixed Platforms.Build.0 = Debug|Any CPU
		{32D7C842-5D43-43EF-842B-EAF129D928EC}.Debug|Win32.ActiveCfg = Debug|Any CPU
		{32D7C842-5D43-43EF-842B-EAF129D928EC}.Debug|x64.ActiveCfg = Debug|x64
		{32D7C842-5D43-43EF-842B-EAF129D928EC}.Debug|x64.Build.0 = Debug|x64
		{32D7C842-5D43-43EF-842B-EAF129D928EC}.Debug|x86.ActiveCfg = Debug|x86
		{32D7C842-5D43-43EF-842B-EAF129D928EC}.Debug|x86.Build.0 = Debug|x86
		{32D7C842-5D43-43EF-842B-EAF129D928EC}.Release|.NET.ActiveCfg = Release|Any CPU
		{32D7C842-5D43-43EF-842B-EAF129D928EC}.Release|Any CPU.ActiveCfg = Release|Any CPU
		{32D7C842-5D43-43EF-842B-EAF129D928EC}.Release|Any CPU.Build.0 = Release|Any CPU
		{32D7C842-5D43-43EF-842B-EAF129D928EC}.Release|Mixed Platforms.ActiveCfg = Release|Any CPU
		{32D7C842-5D43-43EF-842B-EAF129D928EC}.Release|Mixed Platforms.Build.0 = Release|Any CPU
		{32D7C842-5D43-43EF-842B-EAF129D928EC}.Release|Win32.ActiveCfg = Release|Any CPU
		{32D7C842-5D43-43EF-842B-EAF129D928EC}.Release|x64.ActiveCfg = Release|x64
		{32D7C842-5D43-43EF-842B-EAF129D928EC}.Release|x64.Build.0 = Release|x64
		{32D7C842-5D43-43EF-842B-EAF129D928EC}.Release|x86.ActiveCfg = Release|x86
		{32D7C842-5D43-43EF-842B-EAF129D928EC}.Release|x86.Build.0 = Release|x86
		{3426D756-1308-4EAC-AA4E-243E4AAC0FC1}.Debug|.NET.ActiveCfg = Debug|Any CPU
		{3426D756-1308-4EAC-AA4E-243E4AAC0FC1}.Debug|Any CPU.ActiveCfg = Debug|Any CPU
		{3426D756-1308-4EAC-AA4E-243E4AAC0FC1}.Debug|Any CPU.Build.0 = Debug|Any CPU
		{3426D756-1308-4EAC-AA4E-243E4AAC0FC1}.Debug|Mixed Platforms.ActiveCfg = Debug|Any CPU
		{3426D756-1308-4EAC-AA4E-243E4AAC0FC1}.Debug|Mixed Platforms.Build.0 = Debug|Any CPU
		{3426D756-1308-4EAC-AA4E-243E4AAC0FC1}.Debug|Win32.ActiveCfg = Debug|Any CPU
		{3426D756-1308-4EAC-AA4E-243E4AAC0FC1}.Debug|x64.ActiveCfg = Debug|x64
		{3426D756-1308-4EAC-AA4E-243E4AAC0FC1}.Debug|x64.Build.0 = Debug|x64
		{3426D756-1308-4EAC-AA4E-243E4AAC0FC1}.Debug|x86.ActiveCfg = Debug|x86
		{3426D756-1308-4EAC-AA4E-243E4AAC0FC1}.Debug|x86.Build.0 = Debug|x86
		{3426D756-1308-4EAC-AA4E-243E4AAC0FC1}.Release|.NET.ActiveCfg = Release|Any CPU
		{3426D756-1308-4EAC-AA4E-243E4AAC0FC1}.Release|Any CPU.ActiveCfg = Release|Any CPU
		{3426D756-1308-4EAC-AA4E-243E4AAC0FC1}.Release|Any CPU.Build.0 = Release|Any CPU
		{3426D756-1308-4EAC-AA4E-243E4AAC0FC1}.Release|Mixed Platforms.ActiveCfg = Release|Any CPU
		{3426D756-1308-4EAC-AA4E-243E4AAC0FC1}.Release|Mixed Platforms.Build.0 = Release|Any CPU
		{3426D756-1308-4EAC-AA4E-243E4AAC0FC1}.Release|Win32.ActiveCfg = Release|Any CPU
		{3426D756-1308-4EAC-AA4E-243E4AAC0FC1}.Release|x64.ActiveCfg = Release|x64
		{3426D756-1308-4EAC-AA4E-243E4AAC0FC1}.Release|x64.Build.0 = Release|x64
		{3426D756-1308-4EAC-AA4E-243E4AAC0FC1}.Release|x86.ActiveCfg = Release|x86
		{3426D756-1308-4EAC-AA4E-243E4AAC0FC1}.Release|x86.Build.0 = Release|x86
		{81A03884-DB80-45E9-8F5D-54CBE2CE6847}.Debug|.NET.ActiveCfg = Debug|Any CPU
		{81A03884-DB80-45E9-8F5D-54CBE2CE6847}.Debug|Any CPU.ActiveCfg = Debug|Any CPU
		{81A03884-DB80-45E9-8F5D-54CBE2CE6847}.Debug|Any CPU.Build.0 = Debug|Any CPU
		{81A03884-DB80-45E9-8F5D-54CBE2CE6847}.Debug|Mixed Platforms.ActiveCfg = Debug|Any CPU
		{81A03884-DB80-45E9-8F5D-54CBE2CE6847}.Debug|Mixed Platforms.Build.0 = Debug|Any CPU
		{81A03884-DB80-45E9-8F5D-54CBE2CE6847}.Debug|Win32.ActiveCfg = Debug|Any CPU
		{81A03884-DB80-45E9-8F5D-54CBE2CE6847}.Debug|x64.ActiveCfg = Debug|x64
		{81A03884-DB80-45E9-8F5D-54CBE2CE6847}.Debug|x64.Build.0 = Debug|x64
		{81A03884-DB80-45E9-8F5D-54CBE2CE6847}.Debug|x86.ActiveCfg = Debug|x86
		{81A03884-DB80-45E9-8F5D-54CBE2CE6847}.Debug|x86.Build.0 = Debug|x86
		{81A03884-DB80-45E9-8F5D-54CBE2CE6847}.Release|.NET.ActiveCfg = Release|Any CPU
		{81A03884-DB80-45E9-8F5D-54CBE2CE6847}.Release|Any CPU.ActiveCfg = Release|Any CPU
		{81A03884-DB80-45E9-8F5D-54CBE2CE6847}.Release|Any CPU.Build.0 = Release|Any CPU
		{81A03884-DB80-45E9-8F5D-54CBE2CE6847}.Release|Mixed Platforms.ActiveCfg = Release|Any CPU
		{81A03884-DB80-45E9-8F5D-54CBE2CE6847}.Release|Mixed Platforms.Build.0 = Release|Any CPU
		{81A03884-DB80-45E9-8F5D-54CBE2CE6847}.Release|Win32.ActiveCfg = Release|Any CPU
		{81A03884-DB80-45E9-8F5D-54CBE2CE6847}.Release|x64.ActiveCfg = Release|x64
		{81A03884-DB80-45E9-8F5D-54CBE2CE6847}.Release|x64.Build.0 = Release|x64
		{81A03884-DB80-45E9-8F5D-54CBE2CE6847}.Release|x86.ActiveCfg = Release|x86
		{81A03884-DB80-45E9-8F5D-54CBE2CE6847}.Release|x86.Build.0 = Release|x86
		{7726E2B1-794E-4CF8-ABC2-4DDEF12E773F}.Debug|.NET.ActiveCfg = Debug|Any CPU
		{7726E2B1-794E-4CF8-ABC2-4DDEF12E773F}.Debug|Any CPU.ActiveCfg = Debug|Any CPU
		{7726E2B1-794E-4CF8-ABC2-4DDEF12E773F}.Debug|Any CPU.Build.0 = Debug|Any CPU
		{7726E2B1-794E-4CF8-ABC2-4DDEF12E773F}.Debug|Mixed Platforms.ActiveCfg = Debug|Any CPU
		{7726E2B1-794E-4CF8-ABC2-4DDEF12E773F}.Debug|Mixed Platforms.Build.0 = Debug|Any CPU
		{7726E2B1-794E-4CF8-ABC2-4DDEF12E773F}.Debug|Win32.ActiveCfg = Debug|Any CPU
		{7726E2B1-794E-4CF8-ABC2-4DDEF12E773F}.Debug|x64.ActiveCfg = Debug|x64
		{7726E2B1-794E-4CF8-ABC2-4DDEF12E773F}.Debug|x64.Build.0 = Debug|x64
		{7726E2B1-794E-4CF8-ABC2-4DDEF12E773F}.Debug|x86.ActiveCfg = Debug|x86
		{7726E2B1-794E-4CF8-ABC2-4DDEF12E773F}.Debug|x86.Build.0 = Debug|x86
		{7726E2B1-794E-4CF8-ABC2-4DDEF12E773F}.Release|.NET.ActiveCfg = Release|Any CPU
		{7726E2B1-794E-4CF8-ABC2-4DDEF12E773F}.Release|Any CPU.ActiveCfg = Release|Any CPU
		{7726E2B1-794E-4CF8-ABC2-4DDEF12E773F}.Release|Any CPU.Build.0 = Release|Any CPU
		{7726E2B1-794E-4CF8-ABC2-4DDEF12E773F}.Release|Mixed Platforms.ActiveCfg = Release|Any CPU
		{7726E2B1-794E-4CF8-ABC2-4DDEF12E773F}.Release|Mixed Platforms.Build.0 = Release|Any CPU
		{7726E2B1-794E-4CF8-ABC2-4DDEF12E773F}.Release|Win32.ActiveCfg = Release|Any CPU
		{7726E2B1-794E-4CF8-ABC2-4DDEF12E773F}.Release|x64.ActiveCfg = Release|x64
		{7726E2B1-794E-4CF8-ABC2-4DDEF12E773F}.Release|x64.Build.0 = Release|x64
		{7726E2B1-794E-4CF8-ABC2-4DDEF12E773F}.Release|x86.ActiveCfg = Release|x86
		{7726E2B1-794E-4CF8-ABC2-4DDEF12E773F}.Release|x86.Build.0 = Release|x86
		{0A0D1F87-72C8-4EE3-8777-D023A1E8800D}.Debug|.NET.ActiveCfg = Debug|Any CPU
		{0A0D1F87-72C8-4EE3-8777-D023A1E8800D}.Debug|Any CPU.ActiveCfg = Debug|Any CPU
		{0A0D1F87-72C8-4EE3-8777-D023A1E8800D}.Debug|Any CPU.Build.0 = Debug|Any CPU
		{0A0D1F87-72C8-4EE3-8777-D023A1E8800D}.Debug|Mixed Platforms.ActiveCfg = Debug|Any CPU
		{0A0D1F87-72C8-4EE3-8777-D023A1E8800D}.Debug|Mixed Platforms.Build.0 = Debug|Any CPU
		{0A0D1F87-72C8-4EE3-8777-D023A1E8800D}.Debug|Win32.ActiveCfg = Debug|Any CPU
		{0A0D1F87-72C8-4EE3-8777-D023A1E8800D}.Debug|x64.ActiveCfg = Debug|x64
		{0A0D1F87-72C8-4EE3-8777-D023A1E8800D}.Debug|x64.Build.0 = Debug|x64
		{0A0D1F87-72C8-4EE3-8777-D023A1E8800D}.Debug|x86.ActiveCfg = Debug|Any CPU
		{0A0D1F87-72C8-4EE3-8777-D023A1E8800D}.Debug|x86.Build.0 = Debug|Any CPU
		{0A0D1F87-72C8-4EE3-8777-D023A1E8800D}.Release|.NET.ActiveCfg = Release|Any CPU
		{0A0D1F87-72C8-4EE3-8777-D023A1E8800D}.Release|Any CPU.ActiveCfg = Release|Any CPU
		{0A0D1F87-72C8-4EE3-8777-D023A1E8800D}.Release|Any CPU.Build.0 = Release|Any CPU
		{0A0D1F87-72C8-4EE3-8777-D023A1E8800D}.Release|Mixed Platforms.ActiveCfg = Release|Any CPU
		{0A0D1F87-72C8-4EE3-8777-D023A1E8800D}.Release|Mixed Platforms.Build.0 = Release|Any CPU
		{0A0D1F87-72C8-4EE3-8777-D023A1E8800D}.Release|Win32.ActiveCfg = Release|Any CPU
		{0A0D1F87-72C8-4EE3-8777-D023A1E8800D}.Release|x64.ActiveCfg = Release|x64
		{0A0D1F87-72C8-4EE3-8777-D023A1E8800D}.Release|x64.Build.0 = Release|x64
		{0A0D1F87-72C8-4EE3-8777-D023A1E8800D}.Release|x86.ActiveCfg = Release|x86
		{0A0D1F87-72C8-4EE3-8777-D023A1E8800D}.Release|x86.Build.0 = Release|x86
		{8501D9EE-836F-4F09-B451-8BC5D9C61629}.Debug|.NET.ActiveCfg = Debug|x86
		{8501D9EE-836F-4F09-B451-8BC5D9C61629}.Debug|Any CPU.ActiveCfg = Debug|Any CPU
		{8501D9EE-836F-4F09-B451-8BC5D9C61629}.Debug|Any CPU.Build.0 = Debug|Any CPU
		{8501D9EE-836F-4F09-B451-8BC5D9C61629}.Debug|Mixed Platforms.ActiveCfg = Debug|x86
		{8501D9EE-836F-4F09-B451-8BC5D9C61629}.Debug|Mixed Platforms.Build.0 = Debug|x86
		{8501D9EE-836F-4F09-B451-8BC5D9C61629}.Debug|Win32.ActiveCfg = Debug|x86
		{8501D9EE-836F-4F09-B451-8BC5D9C61629}.Debug|x64.ActiveCfg = Debug|x86
		{8501D9EE-836F-4F09-B451-8BC5D9C61629}.Debug|x86.ActiveCfg = Debug|x86
		{8501D9EE-836F-4F09-B451-8BC5D9C61629}.Debug|x86.Build.0 = Debug|x86
		{8501D9EE-836F-4F09-B451-8BC5D9C61629}.Release|.NET.ActiveCfg = Release|x86
		{8501D9EE-836F-4F09-B451-8BC5D9C61629}.Release|Any CPU.ActiveCfg = Release|Any CPU
		{8501D9EE-836F-4F09-B451-8BC5D9C61629}.Release|Any CPU.Build.0 = Release|Any CPU
		{8501D9EE-836F-4F09-B451-8BC5D9C61629}.Release|Mixed Platforms.ActiveCfg = Release|Any CPU
		{8501D9EE-836F-4F09-B451-8BC5D9C61629}.Release|Mixed Platforms.Build.0 = Release|Any CPU
		{8501D9EE-836F-4F09-B451-8BC5D9C61629}.Release|Win32.ActiveCfg = Release|x86
		{8501D9EE-836F-4F09-B451-8BC5D9C61629}.Release|x64.ActiveCfg = Release|x86
		{8501D9EE-836F-4F09-B451-8BC5D9C61629}.Release|x86.ActiveCfg = Release|x86
		{8501D9EE-836F-4F09-B451-8BC5D9C61629}.Release|x86.Build.0 = Release|x86
		{404AD7CE-19B3-4F7B-AAB8-D37E5EF3A9A8}.Debug|.NET.ActiveCfg = Debug|x86
		{404AD7CE-19B3-4F7B-AAB8-D37E5EF3A9A8}.Debug|Any CPU.ActiveCfg = Debug|Any CPU
		{404AD7CE-19B3-4F7B-AAB8-D37E5EF3A9A8}.Debug|Any CPU.Build.0 = Debug|Any CPU
		{404AD7CE-19B3-4F7B-AAB8-D37E5EF3A9A8}.Debug|Mixed Platforms.ActiveCfg = Debug|x86
		{404AD7CE-19B3-4F7B-AAB8-D37E5EF3A9A8}.Debug|Mixed Platforms.Build.0 = Debug|x86
		{404AD7CE-19B3-4F7B-AAB8-D37E5EF3A9A8}.Debug|Win32.ActiveCfg = Debug|x86
		{404AD7CE-19B3-4F7B-AAB8-D37E5EF3A9A8}.Debug|x64.ActiveCfg = Debug|x86
		{404AD7CE-19B3-4F7B-AAB8-D37E5EF3A9A8}.Debug|x86.ActiveCfg = Debug|x86
		{404AD7CE-19B3-4F7B-AAB8-D37E5EF3A9A8}.Debug|x86.Build.0 = Debug|x86
		{404AD7CE-19B3-4F7B-AAB8-D37E5EF3A9A8}.Release|.NET.ActiveCfg = Release|x86
		{404AD7CE-19B3-4F7B-AAB8-D37E5EF3A9A8}.Release|Any CPU.ActiveCfg = Release|Any CPU
		{404AD7CE-19B3-4F7B-AAB8-D37E5EF3A9A8}.Release|Any CPU.Build.0 = Release|Any CPU
		{404AD7CE-19B3-4F7B-AAB8-D37E5EF3A9A8}.Release|Mixed Platforms.ActiveCfg = Release|Any CPU
		{404AD7CE-19B3-4F7B-AAB8-D37E5EF3A9A8}.Release|Mixed Platforms.Build.0 = Release|Any CPU
		{404AD7CE-19B3-4F7B-AAB8-D37E5EF3A9A8}.Release|Win32.ActiveCfg = Release|x86
		{404AD7CE-19B3-4F7B-AAB8-D37E5EF3A9A8}.Release|x64.ActiveCfg = Release|x86
		{404AD7CE-19B3-4F7B-AAB8-D37E5EF3A9A8}.Release|x86.ActiveCfg = Release|x86
		{404AD7CE-19B3-4F7B-AAB8-D37E5EF3A9A8}.Release|x86.Build.0 = Release|x86
		{7426A88E-D363-42EF-B74C-64110E04D1FE}.Debug|.NET.ActiveCfg = Debug|Any CPU
		{7426A88E-D363-42EF-B74C-64110E04D1FE}.Debug|.NET.Build.0 = Debug|Any CPU
		{7426A88E-D363-42EF-B74C-64110E04D1FE}.Debug|Any CPU.ActiveCfg = Debug|Any CPU
		{7426A88E-D363-42EF-B74C-64110E04D1FE}.Debug|Any CPU.Build.0 = Debug|Any CPU
		{7426A88E-D363-42EF-B74C-64110E04D1FE}.Debug|Mixed Platforms.ActiveCfg = Debug|x86
		{7426A88E-D363-42EF-B74C-64110E04D1FE}.Debug|Mixed Platforms.Build.0 = Debug|x86
		{7426A88E-D363-42EF-B74C-64110E04D1FE}.Debug|Win32.ActiveCfg = Debug|x86
		{7426A88E-D363-42EF-B74C-64110E04D1FE}.Debug|Win32.Build.0 = Debug|x86
		{7426A88E-D363-42EF-B74C-64110E04D1FE}.Debug|x64.ActiveCfg = Debug|x64
		{7426A88E-D363-42EF-B74C-64110E04D1FE}.Debug|x64.Build.0 = Debug|x64
		{7426A88E-D363-42EF-B74C-64110E04D1FE}.Debug|x86.ActiveCfg = Debug|x86
		{7426A88E-D363-42EF-B74C-64110E04D1FE}.Debug|x86.Build.0 = Debug|x86
		{7426A88E-D363-42EF-B74C-64110E04D1FE}.Release|.NET.ActiveCfg = Release|Any CPU
		{7426A88E-D363-42EF-B74C-64110E04D1FE}.Release|.NET.Build.0 = Release|Any CPU
		{7426A88E-D363-42EF-B74C-64110E04D1FE}.Release|Any CPU.ActiveCfg = Release|Any CPU
		{7426A88E-D363-42EF-B74C-64110E04D1FE}.Release|Any CPU.Build.0 = Release|Any CPU
		{7426A88E-D363-42EF-B74C-64110E04D1FE}.Release|Mixed Platforms.ActiveCfg = Release|Any CPU
		{7426A88E-D363-42EF-B74C-64110E04D1FE}.Release|Mixed Platforms.Build.0 = Release|Any CPU
		{7426A88E-D363-42EF-B74C-64110E04D1FE}.Release|Win32.ActiveCfg = Release|x86
		{7426A88E-D363-42EF-B74C-64110E04D1FE}.Release|Win32.Build.0 = Release|x86
		{7426A88E-D363-42EF-B74C-64110E04D1FE}.Release|x64.ActiveCfg = Release|x64
		{7426A88E-D363-42EF-B74C-64110E04D1FE}.Release|x64.Build.0 = Release|x64
		{7426A88E-D363-42EF-B74C-64110E04D1FE}.Release|x86.ActiveCfg = Release|x86
		{7426A88E-D363-42EF-B74C-64110E04D1FE}.Release|x86.Build.0 = Release|x86
	EndGlobalSection
	GlobalSection(SolutionProperties) = preSolution
		HideSolutionNode = FALSE
	EndGlobalSection
EndGlobal
